github.com/ernestosuarez/itertools v0.0.0-20190516153236-40a02c159e7b h1:jfqcM/m7Rt6wR6caX7TaRk5tHWCz5HRq+kNCPSNSKTo=
github.com/ernestosuarez/itertools v0.0.0-20190516153236-40a02c159e7b/go.mod h1:WzH8PFd6m6UcRNbYXLAjgjyvwE5EqBKwTYosDoUDG/Q=
github.com/karrick/gorpn v1.4.0 h1:+UEFCLo2XGbbhXDyggdyL0jXnRGdqtHZw+m0r45MIU8=
github.com/karrick/gorpn v1.4.0/go.mod h1:8UrupKgG7NsiEA0feQBcCs8X48KjNsqqUlWQ9kbD0XI=
